
Microsoft Visual Studio Solution File, Format Version 12.00
# Visual Studio 2013
VisualStudioVersion = 12.0.30110.0
MinimumVisualStudioVersion = 10.0.40219.1
Project("{FAE04EC0-301F-11D3-BF4B-00C04F79EFBC}") = "AppDomainService", "AppDomainService\AppDomainService.csproj", "{3AB79CF8-65C2-4B7C-8150-1EB787B01110}"
EndProject
Project("{FAE04EC0-301F-11D3-BF4B-00C04F79EFBC}") = "MyTestApplication", "MyTestApplication\MyTestApplication.csproj", "{176296DF-9F3C-4D16-AD44-0A5D7FA96F6C}"
EndProject
Project("{FAE04EC0-301F-11D3-BF4B-00C04F79EFBC}") = "DynamicallyLoadedAssembly", "DynamicallyLoadedAssembly\DynamicallyLoadedAssembly.csproj", "{E2039C35-CF47-4661-8C17-C587267007B4}"
EndProject
Project("{FAE04EC0-301F-11D3-BF4B-00C04F79EFBC}") = "AddInSideAdapters", "AddInSideAdapters\AddInSideAdapters.csproj", "{8192E9A1-A7D3-4C36-96ED-C8A21DAE7C5D}"
EndProject
Project("{FAE04EC0-301F-11D3-BF4B-00C04F79EFBC}") = "AddInViews", "AddInViews\AddInViews.csproj", "{6187E6C0-2EE5-4C4D-94DA-0FABB8513660}"
EndProject
Project("{FAE04EC0-301F-11D3-BF4B-00C04F79EFBC}") = "HostSideAdapters", "HostSideAdapters\HostSideAdapters.csproj", "{CD09E5E3-40F3-4D70-B3E0-F52B58EEFF06}"
EndProject
Project("{2150E333-8FDC-42A3-9474-1A3956D46DE8}") = "AddIn Implementation", "AddIn Implementation", "{D52F8455-878B-4289-86EF-56EEE0F85105}"
EndProject
Project("{FAE04EC0-301F-11D3-BF4B-00C04F79EFBC}") = "Contracts", "Contracts\Contracts.csproj", "{12B3967E-947B-484C-807E-93DD89025C9F}"
EndProject
Project("{FAE04EC0-301F-11D3-BF4B-00C04F79EFBC}") = "HostViews", "HostViews\HostViews.csproj", "{67DB0E75-6A17-41BD-BEDB-6F78F822536F}"
EndProject
Project("{FAE04EC0-301F-11D3-BF4B-00C04F79EFBC}") = "Host", "Host\Host.csproj", "{A1A9833C-BA89-4F8D-AC66-E6A5A564FB8A}"
EndProject
Project("{FAE04EC0-301F-11D3-BF4B-00C04F79EFBC}") = "StringOperationAddIn", "StringOperationAddIn\StringOperationAddIn.csproj", "{D2424750-2BA0-458E-A588-EE4C788B0BF3}"
EndProject
Global
	GlobalSection(SolutionConfigurationPlatforms) = preSolution
		Debug|Any CPU = Debug|Any CPU
		Release|Any CPU = Release|Any CPU
	EndGlobalSection
	GlobalSection(ProjectConfigurationPlatforms) = postSolution
		{3AB79CF8-65C2-4B7C-8150-1EB787B01110}.Debug|Any CPU.ActiveCfg = Debug|Any CPU
		{3AB79CF8-65C2-4B7C-8150-1EB787B01110}.Debug|Any CPU.Build.0 = Debug|Any CPU
		{3AB79CF8-65C2-4B7C-8150-1EB787B01110}.Release|Any CPU.ActiveCfg = Release|Any CPU
		{3AB79CF8-65C2-4B7C-8150-1EB787B01110}.Release|Any CPU.Build.0 = Release|Any CPU
		{176296DF-9F3C-4D16-AD44-0A5D7FA96F6C}.Debug|Any CPU.ActiveCfg = Debug|Any CPU
		{176296DF-9F3C-4D16-AD44-0A5D7FA96F6C}.Debug|Any CPU.Build.0 = Debug|Any CPU
		{176296DF-9F3C-4D16-AD44-0A5D7FA96F6C}.Release|Any CPU.ActiveCfg = Release|Any CPU
		{176296DF-9F3C-4D16-AD44-0A5D7FA96F6C}.Release|Any CPU.Build.0 = Release|Any CPU
		{E2039C35-CF47-4661-8C17-C587267007B4}.Debug|Any CPU.ActiveCfg = Debug|Any CPU
		{E2039C35-CF47-4661-8C17-C587267007B4}.Debug|Any CPU.Build.0 = Debug|Any CPU
		{E2039C35-CF47-4661-8C17-C587267007B4}.Release|Any CPU.ActiveCfg = Release|Any CPU
		{E2039C35-CF47-4661-8C17-C587267007B4}.Release|Any CPU.Build.0 = Release|Any CPU
		{8192E9A1-A7D3-4C36-96ED-C8A21DAE7C5D}.Debug|Any CPU.ActiveCfg = Debug|Any CPU
		{8192E9A1-A7D3-4C36-96ED-C8A21DAE7C5D}.Debug|Any CPU.Build.0 = Debug|Any CPU
		{8192E9A1-A7D3-4C36-96ED-C8A21DAE7C5D}.Release|Any CPU.ActiveCfg = Release|Any CPU
		{8192E9A1-A7D3-4C36-96ED-C8A21DAE7C5D}.Release|Any CPU.Build.0 = Release|Any CPU
		{6187E6C0-2EE5-4C4D-94DA-0FABB8513660}.Debug|Any CPU.ActiveCfg = Debug|Any CPU
		{6187E6C0-2EE5-4C4D-94DA-0FABB8513660}.Debug|Any CPU.Build.0 = Debug|Any CPU
		{6187E6C0-2EE5-4C4D-94DA-0FABB8513660}.Release|Any CPU.ActiveCfg = Release|Any CPU
		{6187E6C0-2EE5-4C4D-94DA-0FABB8513660}.Release|Any CPU.Build.0 = Release|Any CPU
		{CD09E5E3-40F3-4D70-B3E0-F52B58EEFF06}.Debug|Any CPU.ActiveCfg = Debug|Any CPU
		{CD09E5E3-40F3-4D70-B3E0-F52B58EEFF06}.Debug|Any CPU.Build.0 = Debug|Any CPU
		{CD09E5E3-40F3-4D70-B3E0-F52B58EEFF06}.Release|Any CPU.ActiveCfg = Release|Any CPU
		{CD09E5E3-40F3-4D70-B3E0-F52B58EEFF06}.Release|Any CPU.Build.0 = Release|Any CPU
		{12B3967E-947B-484C-807E-93DD89025C9F}.Debug|Any CPU.ActiveCfg = Debug|Any CPU
		{12B3967E-947B-484C-807E-93DD89025C9F}.Debug|Any CPU.Build.0 = Debug|Any CPU
		{12B3967E-947B-484C-807E-93DD89025C9F}.Release|Any CPU.ActiveCfg = Release|Any CPU
		{12B3967E-947B-484C-807E-93DD89025C9F}.Release|Any CPU.Build.0 = Release|Any CPU
		{67DB0E75-6A17-41BD-BEDB-6F78F822536F}.Debug|Any CPU.ActiveCfg = Debug|Any CPU
		{67DB0E75-6A17-41BD-BEDB-6F78F822536F}.Debug|Any CPU.Build.0 = Debug|Any CPU
		{67DB0E75-6A17-41BD-BEDB-6F78F822536F}.Release|Any CPU.ActiveCfg = Release|Any CPU
		{67DB0E75-6A17-41BD-BEDB-6F78F822536F}.Release|Any CPU.Build.0 = Release|Any CPU
		{A1A9833C-BA89-4F8D-AC66-E6A5A564FB8A}.Debug|Any CPU.ActiveCfg = Debug|Any CPU
		{A1A9833C-BA89-4F8D-AC66-E6A5A564FB8A}.Debug|Any CPU.Build.0 = Debug|Any CPU
		{A1A9833C-BA89-4F8D-AC66-E6A5A564FB8A}.Release|Any CPU.ActiveCfg = Release|Any CPU
		{A1A9833C-BA89-4F8D-AC66-E6A5A564FB8A}.Release|Any CPU.Build.0 = Release|Any CPU
		{D2424750-2BA0-458E-A588-EE4C788B0BF3}.Debug|Any CPU.ActiveCfg = Debug|Any CPU
		{D2424750-2BA0-458E-A588-EE4C788B0BF3}.Debug|Any CPU.Build.0 = Debug|Any CPU
		{D2424750-2BA0-458E-A588-EE4C788B0BF3}.Release|Any CPU.ActiveCfg = Release|Any CPU
		{D2424750-2BA0-458E-A588-EE4C788B0BF3}.Release|Any CPU.Build.0 = Release|Any CPU
	EndGlobalSection
	GlobalSection(SolutionProperties) = preSolution
		HideSolutionNode = FALSE
	EndGlobalSection
	GlobalSection(NestedProjects) = preSolution
		{8192E9A1-A7D3-4C36-96ED-C8A21DAE7C5D} = {D52F8455-878B-4289-86EF-56EEE0F85105}
		{6187E6C0-2EE5-4C4D-94DA-0FABB8513660} = {D52F8455-878B-4289-86EF-56EEE0F85105}
		{CD09E5E3-40F3-4D70-B3E0-F52B58EEFF06} = {D52F8455-878B-4289-86EF-56EEE0F85105}
		{12B3967E-947B-484C-807E-93DD89025C9F} = {D52F8455-878B-4289-86EF-56EEE0F85105}
		{67DB0E75-6A17-41BD-BEDB-6F78F822536F} = {D52F8455-878B-4289-86EF-56EEE0F85105}
		{A1A9833C-BA89-4F8D-AC66-E6A5A564FB8A} = {D52F8455-878B-4289-86EF-56EEE0F85105}
		{D2424750-2BA0-458E-A588-EE4C788B0BF3} = {D52F8455-878B-4289-86EF-56EEE0F85105}
	EndGlobalSection
EndGlobal
